lockfileVersion: '9.0'

settings:
  autoInstallPeers: true
  excludeLinksFromLockfile: false

importers:

  .:
    dependencies:
      lorem-ipsum:
        specifier: ^2.0.8
        version: 2.0.8
    devDependencies:
      vite:
        specifier: ^5.2.0
        version: 5.2.10

packages:

  '@esbuild/aix-ppc64@0.20.2':
    resolution: {integrity: sha512-D+EBOJHXdNZcLJRBkhENNG8Wji2kgc9AZ9KiPr1JuZjsNtyHzrsfLRrY0tk2H2aoFu6RANO1y1iPPUCDYWkb5g==}
    engines: {node: '>=12'}
    cpu: [ppc64]
    os: [aix]

  '@esbuild/android-arm64@0.20.2':
    resolution: {integrity: sha512-mRzjLacRtl/tWU0SvD8lUEwb61yP9cqQo6noDZP/O8VkwafSYwZ4yWy24kan8jE/IMERpYncRt2dw438LP3Xmg==}
    engines: {node: '>=12'}
    cpu: [arm64]
    os: [android]

  '@esbuild/android-arm@0.20.2':
    resolution: {integrity: sha512-t98Ra6pw2VaDhqNWO2Oph2LXbz/EJcnLmKLGBJwEwXX/JAN83Fym1rU8l0JUWK6HkIbWONCSSatf4sf2NBRx/w==}
    engines: {node: '>=12'}
    cpu: [arm]
    os: [android]

  '@esbuild/android-x64@0.20.2':
    resolution: {integrity: sha512-btzExgV+/lMGDDa194CcUQm53ncxzeBrWJcncOBxuC6ndBkKxnHdFJn86mCIgTELsooUmwUm9FkhSp5HYu00Rg==}
    engines: {node: '>=12'}
    cpu: [x64]
    os: [android]

  '@esbuild/darwin-arm64@0.20.2':
    resolution: {integrity: sha512-4J6IRT+10J3aJH3l1yzEg9y3wkTDgDk7TSDFX+wKFiWjqWp/iCfLIYzGyasx9l0SAFPT1HwSCR+0w/h1ES/MjA==}
    engines: {node: '>=12'}
    cpu: [arm64]
    os: [darwin]

  '@esbuild/darwin-x64@0.20.2':
    resolution: {integrity: sha512-tBcXp9KNphnNH0dfhv8KYkZhjc+H3XBkF5DKtswJblV7KlT9EI2+jeA8DgBjp908WEuYll6pF+UStUCfEpdysA==}
    engines: {node: '>=12'}
    cpu: [x64]
    os: [darwin]

  '@esbuild/freebsd-arm64@0.20.2':
    resolution: {integrity: sha512-d3qI41G4SuLiCGCFGUrKsSeTXyWG6yem1KcGZVS+3FYlYhtNoNgYrWcvkOoaqMhwXSMrZRl69ArHsGJ9mYdbbw==}
    engines: {node: '>=12'}
    cpu: [arm64]
    os: [freebsd]

  '@esbuild/freebsd-x64@0.20.2':
    resolution: {integrity: sha512-d+DipyvHRuqEeM5zDivKV1KuXn9WeRX6vqSqIDgwIfPQtwMP4jaDsQsDncjTDDsExT4lR/91OLjRo8bmC1e+Cw==}
    engines: {node: '>=12'}
    cpu: [x64]
    os: [freebsd]

  '@esbuild/linux-arm64@0.20.2':
    resolution: {integrity: sha512-9pb6rBjGvTFNira2FLIWqDk/uaf42sSyLE8j1rnUpuzsODBq7FvpwHYZxQ/It/8b+QOS1RYfqgGFNLRI+qlq2A==}
    engines: {node: '>=12'}
    cpu: [arm64]
    os: [linux]

  '@esbuild/linux-arm@0.20.2':
    resolution: {integrity: sha512-VhLPeR8HTMPccbuWWcEUD1Az68TqaTYyj6nfE4QByZIQEQVWBB8vup8PpR7y1QHL3CpcF6xd5WVBU/+SBEvGTg==}
    engines: {node: '>=12'}
    cpu: [arm]
    os: [linux]

  '@esbuild/linux-ia32@0.20.2':
    resolution: {integrity: sha512-o10utieEkNPFDZFQm9CoP7Tvb33UutoJqg3qKf1PWVeeJhJw0Q347PxMvBgVVFgouYLGIhFYG0UGdBumROyiig==}
    engines: {node: '>=12'}
    cpu: [ia32]
    os: [linux]

  '@esbuild/linux-loong64@0.20.2':
    resolution: {integrity: sha512-PR7sp6R/UC4CFVomVINKJ80pMFlfDfMQMYynX7t1tNTeivQ6XdX5r2XovMmha/VjR1YN/HgHWsVcTRIMkymrgQ==}
    engines: {node: '>=12'}
    cpu: [loong64]
    os: [linux]

  '@esbuild/linux-mips64el@0.20.2':
    resolution: {integrity: sha512-4BlTqeutE/KnOiTG5Y6Sb/Hw6hsBOZapOVF6njAESHInhlQAghVVZL1ZpIctBOoTFbQyGW+LsVYZ8lSSB3wkjA==}
    engines: {node: '>=12'}
    cpu: [mips64el]
    os: [linux]

  '@esbuild/linux-ppc64@0.20.2':
    resolution: {integrity: sha512-rD3KsaDprDcfajSKdn25ooz5J5/fWBylaaXkuotBDGnMnDP1Uv5DLAN/45qfnf3JDYyJv/ytGHQaziHUdyzaAg==}
    engines: {node: '>=12'}
    cpu: [ppc64]
    os: [linux]

  '@esbuild/linux-riscv64@0.20.2':
    resolution: {integrity: sha512-snwmBKacKmwTMmhLlz/3aH1Q9T8v45bKYGE3j26TsaOVtjIag4wLfWSiZykXzXuE1kbCE+zJRmwp+ZbIHinnVg==}
    engines: {node: '>=12'}
    cpu: [riscv64]
    os: [linux]

  '@esbuild/linux-s390x@0.20.2':
    resolution: {integrity: sha512-wcWISOobRWNm3cezm5HOZcYz1sKoHLd8VL1dl309DiixxVFoFe/o8HnwuIwn6sXre88Nwj+VwZUvJf4AFxkyrQ==}
    engines: {node: '>=12'}
    cpu: [s390x]
    os: [linux]

  '@esbuild/linux-x64@0.20.2':
    resolution: {integrity: sha512-1MdwI6OOTsfQfek8sLwgyjOXAu+wKhLEoaOLTjbijk6E2WONYpH9ZU2mNtR+lZ2B4uwr+usqGuVfFT9tMtGvGw==}
    engines: {node: '>=12'}
    cpu: [x64]
    os: [linux]

  '@esbuild/netbsd-x64@0.20.2':
    resolution: {integrity: sha512-K8/DhBxcVQkzYc43yJXDSyjlFeHQJBiowJ0uVL6Tor3jGQfSGHNNJcWxNbOI8v5k82prYqzPuwkzHt3J1T1iZQ==}
    engines: {node: '>=12'}
    cpu: [x64]
    os: [netbsd]

  '@esbuild/openbsd-x64@0.20.2':
    resolution: {integrity: sha512-eMpKlV0SThJmmJgiVyN9jTPJ2VBPquf6Kt/nAoo6DgHAoN57K15ZghiHaMvqjCye/uU4X5u3YSMgVBI1h3vKrQ==}
    engines: {node: '>=12'}
    cpu: [x64]
    os: [openbsd]

  '@esbuild/sunos-x64@0.20.2':
    resolution: {integrity: sha512-2UyFtRC6cXLyejf/YEld4Hajo7UHILetzE1vsRcGL3earZEW77JxrFjH4Ez2qaTiEfMgAXxfAZCm1fvM/G/o8w==}
    engines: {node: '>=12'}
    cpu: [x64]
    os: [sunos]

  '@esbuild/win32-arm64@0.20.2':
    resolution: {integrity: sha512-GRibxoawM9ZCnDxnP3usoUDO9vUkpAxIIZ6GQI+IlVmr5kP3zUq+l17xELTHMWTWzjxa2guPNyrpq1GWmPvcGQ==}
    engines: {node: '>=12'}
    cpu: [arm64]
    os: [win32]

  '@esbuild/win32-ia32@0.20.2':
    resolution: {integrity: sha512-HfLOfn9YWmkSKRQqovpnITazdtquEW8/SoHW7pWpuEeguaZI4QnCRW6b+oZTztdBnZOS2hqJ6im/D5cPzBTTlQ==}
    engines: {node: '>=12'}
    cpu: [ia32]
    os: [win32]

  '@esbuild/win32-x64@0.20.2':
    resolution: {integrity: sha512-N49X4lJX27+l9jbLKSqZ6bKNjzQvHaT8IIFUy+YIqmXQdjYCToGWwOItDrfby14c78aDd5NHQl29xingXfCdLQ==}
    engines: {node: '>=12'}
    cpu: [x64]
    os: [win32]

  '@rollup/rollup-android-arm-eabi@4.16.1':
    resolution: {integrity: sha512-92/y0TqNLRYOTXpm6Z7mnpvKAG9P7qmK7yJeRJSdzElNCUnsgbpAsGqerUboYRIQKzgfq4pWu9xVkgpWLfmNsw==}
    cpu: [arm]
    os: [android]

  '@rollup/rollup-android-arm64@4.16.1':
    resolution: {integrity: sha512-ttWB6ZCfRLuDIUiE0yiu5gcqOsYjA5F7kEV1ggHMj20FwLZ8A1FMeahZJFl/pnOmcnD2QL0z4AcDuo27utGU8A==}
    cpu: [arm64]
    os: [android]

  '@rollup/rollup-darwin-arm64@4.16.1':
    resolution: {integrity: sha512-QLDvPLetbqjHojTGFw9+nuSP3YY/iz2k1cep6crYlr97sS+ZJ0W43b8Z0zC00+lnFZj6JSNxiA4DjboNQMuh1A==}
    cpu: [arm64]
    os: [darwin]

  '@rollup/rollup-darwin-x64@4.16.1':
    resolution: {integrity: sha512-TAUK/D8khRrRIa1KwRzo8JNKk3tcqaeXWdtsiLgA8zmACWwlWLjPCJ4DULGHQrMkeBjp1Cd3Yuwx04lZgFx5Vg==}
    cpu: [x64]
    os: [darwin]

  '@rollup/rollup-linux-arm-gnueabihf@4.16.1':
    resolution: {integrity: sha512-KO+WGZjrh6zyFTD1alIFkfdtxf8B4BC+hqd3kBZHscPLvE5FR/6QKsyuCT0JlERxxYBSUKNUQ/UHyX5uwO1x2A==}
    cpu: [arm]
    os: [linux]

  '@rollup/rollup-linux-arm-musleabihf@4.16.1':
    resolution: {integrity: sha512-NqxbllzIB1WoAo4ThUXVtd21iiM5IHMTTXmXySKBLVcZvkU0HIZmatlP7hLzb5yQubcmdIeWmncd2NdsjocEiw==}
    cpu: [arm]
    os: [linux]

  '@rollup/rollup-linux-arm64-gnu@4.16.1':
    resolution: {integrity: sha512-snma5NvV8y7IECQ5rq0sr0f3UUu+92NVmG/913JXJMcXo84h9ak9TA5UI9Cl2XRM9j3m37QwDBtEYnJzRkSmxA==}
    cpu: [arm64]
    os: [linux]

  '@rollup/rollup-linux-arm64-musl@4.16.1':
    resolution: {integrity: sha512-KOvqGprlD84ueivhCi2flvcUwDRD20mAsE3vxQNVEI2Di9tnPGAfEu6UcrSPZbM+jG2w1oSr43hrPo0RNg6GGg==}
    cpu: [arm64]
    os: [linux]

  '@rollup/rollup-linux-powerpc64le-gnu@4.16.1':
    resolution: {integrity: sha512-/gsNwtiGLqYwN4vP+EIdUC6Q6LTlpupWqokqIndvZcjn9ig/5P01WyaYCU2wvfL/2Z82jp5kX8c1mDBOvCP3zg==}
    cpu: [ppc64]
    os: [linux]

  '@rollup/rollup-linux-riscv64-gnu@4.16.1':
    resolution: {integrity: sha512-uU8zuGkQfGqfD9w6VRJZI4IuG4JIfNxxJgEmLMAmPVHREKGsxFVfgHy5c6CexQF2vOfgjB33OsET3Vdn2lln9A==}
    cpu: [riscv64]
    os: [linux]

  '@rollup/rollup-linux-s390x-gnu@4.16.1':
    resolution: {integrity: sha512-lsjLtDgtcGFEuBP6yrXwkRN5/wKlvUZtfbKZZu0yaoNpiBL4epgnO21osAALIspVRnl4qZgyLFd8xjCYYWgwfw==}
    cpu: [s390x]
    os: [linux]

  '@rollup/rollup-linux-x64-gnu@4.16.1':
    resolution: {integrity: sha512-N2ZizKhUryqqrMfdCnjhJhZRgv61C6gK+hwVtCIKC8ts8J+go+vqENnGexwg21nHIOvLN5mBM8a7DI2vlyIOPg==}
    cpu: [x64]
    os: [linux]

  '@rollup/rollup-linux-x64-musl@4.16.1':
    resolution: {integrity: sha512-5ICeMxqg66FrOA2AbnBQ2TJVxfvZsKLxmof0ibvPLaYtbsJqnTUtJOofgWb46Gjd4uZcA4rdsp4JCxegzQPqCg==}
    cpu: [x64]
    os: [linux]

  '@rollup/rollup-win32-arm64-msvc@4.16.1':
    resolution: {integrity: sha512-1vIP6Ce02L+qWD7uZYRiFiuAJo3m9kARatWmFSnss0gZnVj2Id7OPUU9gm49JPGasgcR3xMqiH3fqBJ8t00yVg==}
    cpu: [arm64]
    os: [win32]

  '@rollup/rollup-win32-ia32-msvc@4.16.1':
    resolution: {integrity: sha512-Y3M92DcVsT6LoP+wrKpoUWPaazaP1fzbNkp0a0ZSj5Y//+pQVfVe/tQdsYQQy7dwXR30ZfALUIc9PCh9Izir6w==}
    cpu: [ia32]
    os: [win32]

  '@rollup/rollup-win32-x64-msvc@4.16.1':
    resolution: {integrity: sha512-x0fvpHMuF7fK5r8oZxSi8VYXkrVmRgubXpO/wcf15Lk3xZ4Jvvh5oG+u7Su1776A7XzVKZhD2eRc4t7H50gL3w==}
    cpu: [x64]
    os: [win32]

  '@types/estree@1.0.5':
    resolution: {integrity: sha512-/kYRxGDLWzHOB7q+wtSUQlFrtcdUccpfy+X+9iMBpHK8QLLhx2wIPYuS5DYtR9Wa/YlZAbIovy7qVdB1Aq6Lyw==}

  commander@9.5.0:
    resolution: {integrity: sha512-KRs7WVDKg86PWiuAqhDrAQnTXZKraVcCc6vFdL14qrZ/DcWwuRo7VoiYXalXO7S5GKpqYiVEwCbgFDfxNHKJBQ==}
    engines: {node: ^12.20.0 || >=14}

  esbuild@0.20.2:
    resolution: {integrity: sha512-WdOOppmUNU+IbZ0PaDiTst80zjnrOkyJNHoKupIcVyU8Lvla3Ugx94VzkQ32Ijqd7UhHJy75gNWDMUekcrSJ6g==}
    engines: {node: '>=12'}
    hasBin: true

  fsevents@2.3.3:
    resolution: {integrity: sha512-5xoDfX+fL7faATnagmWPpbFtwh/R77WmMMqqHGS65C3vvB0YHrgF+B1YmZ3441tMj5n63k0212XNoJwzlhffQw==}
    engines: {node: ^8.16.0 || ^10.6.0 || >=11.0.0}
    os: [darwin]

  lorem-ipsum@2.0.8:
    resolution: {integrity: sha512-5RIwHuCb979RASgCJH0VKERn9cQo/+NcAi2BMe9ddj+gp7hujl6BI+qdOG4nVsLDpwWEJwTVYXNKP6BGgbcoGA==}
    engines: {node: '>= 8.x', npm: '>= 5.x'}
    hasBin: true

  nanoid@3.3.7:
    resolution: {integrity: sha512-eSRppjcPIatRIMC1U6UngP8XFcz8MQWGQdt1MTBQ7NaAmvXDfvNxbvWV3x2y6CdEUciCSsDHDQZbhYaB8QEo2g==}
    engines: {node: ^10 || ^12 || ^13.7 || ^14 || >=15.0.1}
    hasBin: true

  picocolors@1.0.0:
    resolution: {integrity: sha512-1fygroTLlHu66zi26VoTDv8yRgm0Fccecssto+MhsZ0D/DGW2sm8E8AjW7NU5VVTRt5GxbeZ5qBuJr+HyLYkjQ==}

  postcss@8.4.38:
    resolution: {integrity: sha512-Wglpdk03BSfXkHoQa3b/oulrotAkwrlLDRSOb9D0bN86FdRyE9lppSp33aHNPgBa0JKCoB+drFLZkQoRRYae5A==}
    engines: {node: ^10 || ^12 || >=14}

  rollup@4.16.1:
    resolution: {integrity: sha512-5CaD3MPDlPKfhqzRvWXK96G6ELJfPZNb3LHiZxTHgDdC6jvwfGz2E8nY+9g1ONk4ttHsK1WaFP19Js4PSr1E3g==}
    engines: {node: '>=18.0.0', npm: '>=8.0.0'}
    hasBin: true

  source-map-js@1.2.0:
    resolution: {integrity: sha512-itJW8lvSA0TXEphiRoawsCksnlf8SyvmFzIhltqAHluXd88pkCd+cXJVHTDwdCr0IzwptSm035IHQktUu1QUMg==}
    engines: {node: '>=0.10.0'}

  vite@5.2.10:
    resolution: {integrity: sha512-PAzgUZbP7msvQvqdSD+ErD5qGnSFiGOoWmV5yAKUEI0kdhjbH6nMWVyZQC/hSc4aXwc0oJ9aEdIiF9Oje0JFCw==}
    engines: {node: ^18.0.0 || >=20.0.0}
    hasBin: true
    peerDependencies:
      '@types/node': ^18.0.0 || >=20.0.0
      less: '*'
      lightningcss: ^1.21.0
      sass: '*'
      stylus: '*'
      sugarss: '*'
      terser: ^5.4.0
    peerDependenciesMeta:
      '@types/node':
        optional: true
      less:
        optional: true
      lightningcss:
        optional: true
      sass:
        optional: true
      stylus:
        optional: true
      sugarss:
        optional: true
      terser:
        optional: true

snapshots:

  '@esbuild/aix-ppc64@0.20.2':
    optional: true

  '@esbuild/android-arm64@0.20.2':
    optional: true

  '@esbuild/android-arm@0.20.2':
    optional: true

  '@esbuild/android-x64@0.20.2':
    optional: true

  '@esbuild/darwin-arm64@0.20.2':
    optional: true

  '@esbuild/darwin-x64@0.20.2':
    optional: true

  '@esbuild/freebsd-arm64@0.20.2':
    optional: true

  '@esbuild/freebsd-x64@0.20.2':
    optional: true

  '@esbuild/linux-arm64@0.20.2':
    optional: true

  '@esbuild/linux-arm@0.20.2':
    optional: true

  '@esbuild/linux-ia32@0.20.2':
    optional: true

  '@esbuild/linux-loong64@0.20.2':
    optional: true

  '@esbuild/linux-mips64el@0.20.2':
    optional: true

  '@esbuild/linux-ppc64@0.20.2':
    optional: true

  '@esbuild/linux-riscv64@0.20.2':
    optional: true

  '@esbuild/linux-s390x@0.20.2':
    optional: true

  '@esbuild/linux-x64@0.20.2':
    optional: true

  '@esbuild/netbsd-x64@0.20.2':
    optional: true

  '@esbuild/openbsd-x64@0.20.2':
    optional: true

  '@esbuild/sunos-x64@0.20.2':
    optional: true

  '@esbuild/win32-arm64@0.20.2':
    optional: true

  '@esbuild/win32-ia32@0.20.2':
    optional: true

  '@esbuild/win32-x64@0.20.2':
    optional: true

  '@rollup/rollup-android-arm-eabi@4.16.1':
    optional: true

  '@rollup/rollup-android-arm64@4.16.1':
    optional: true

  '@rollup/rollup-darwin-arm64@4.16.1':
    optional: true

  '@rollup/rollup-darwin-x64@4.16.1':
    optional: true

  '@rollup/rollup-linux-arm-gnueabihf@4.16.1':
    optional: true

  '@rollup/rollup-linux-arm-musleabihf@4.16.1':
    optional: true

  '@rollup/rollup-linux-arm64-gnu@4.16.1':
    optional: true

  '@rollup/rollup-linux-arm64-musl@4.16.1':
    optional: true

  '@rollup/rollup-linux-powerpc64le-gnu@4.16.1':
    optional: true

  '@rollup/rollup-linux-riscv64-gnu@4.16.1':
    optional: true

  '@rollup/rollup-linux-s390x-gnu@4.16.1':
    optional: true

  '@rollup/rollup-linux-x64-gnu@4.16.1':
    optional: true

  '@rollup/rollup-linux-x64-musl@4.16.1':
    optional: true

  '@rollup/rollup-win32-arm64-msvc@4.16.1':
    optional: true

  '@rollup/rollup-win32-ia32-msvc@4.16.1':
    optional: true

  '@rollup/rollup-win32-x64-msvc@4.16.1':
    optional: true

  '@types/estree@1.0.5': {}

  commander@9.5.0: {}

  esbuild@0.20.2:
    optionalDependencies:
      '@esbuild/aix-ppc64': 0.20.2
      '@esbuild/android-arm': 0.20.2
      '@esbuild/android-arm64': 0.20.2
      '@esbuild/android-x64': 0.20.2
      '@esbuild/darwin-arm64': 0.20.2
      '@esbuild/darwin-x64': 0.20.2
      '@esbuild/freebsd-arm64': 0.20.2
      '@esbuild/freebsd-x64': 0.20.2
      '@esbuild/linux-arm': 0.20.2
      '@esbuild/linux-arm64': 0.20.2
      '@esbuild/linux-ia32': 0.20.2
      '@esbuild/linux-loong64': 0.20.2
      '@esbuild/linux-mips64el': 0.20.2
      '@esbuild/linux-ppc64': 0.20.2
      '@esbuild/linux-riscv64': 0.20.2
      '@esbuild/linux-s390x': 0.20.2
      '@esbuild/linux-x64': 0.20.2
      '@esbuild/netbsd-x64': 0.20.2
      '@esbuild/openbsd-x64': 0.20.2
      '@esbuild/sunos-x64': 0.20.2
      '@esbuild/win32-arm64': 0.20.2
      '@esbuild/win32-ia32': 0.20.2
      '@esbuild/win32-x64': 0.20.2

  fsevents@2.3.3:
    optional: true

  lorem-ipsum@2.0.8:
    dependencies:
      commander: 9.5.0

  nanoid@3.3.7: {}

  picocolors@1.0.0: {}

  postcss@8.4.38:
    dependencies:
      nanoid: 3.3.7
      picocolors: 1.0.0
      source-map-js: 1.2.0

  rollup@4.16.1:
    dependencies:
      '@types/estree': 1.0.5
    optionalDependencies:
      '@rollup/rollup-android-arm-eabi': 4.16.1
      '@rollup/rollup-android-arm64': 4.16.1
      '@rollup/rollup-darwin-arm64': 4.16.1
      '@rollup/rollup-darwin-x64': 4.16.1
      '@rollup/rollup-linux-arm-gnueabihf': 4.16.1
      '@rollup/rollup-linux-arm-musleabihf': 4.16.1
      '@rollup/rollup-linux-arm64-gnu': 4.16.1
      '@rollup/rollup-linux-arm64-musl': 4.16.1
      '@rollup/rollup-linux-powerpc64le-gnu': 4.16.1
      '@rollup/rollup-linux-riscv64-gnu': 4.16.1
      '@rollup/rollup-linux-s390x-gnu': 4.16.1
      '@rollup/rollup-linux-x64-gnu': 4.16.1
      '@rollup/rollup-linux-x64-musl': 4.16.1
      '@rollup/rollup-win32-arm64-msvc': 4.16.1
      '@rollup/rollup-win32-ia32-msvc': 4.16.1
      '@rollup/rollup-win32-x64-msvc': 4.16.1
      fsevents: 2.3.3

  source-map-js@1.2.0: {}

  vite@5.2.10:
    dependencies:
      esbuild: 0.20.2
      postcss: 8.4.38
      rollup: 4.16.1
    optionalDependencies:
      fsevents: 2.3.3
